
Microsoft Visual Studio Solution File, Format Version 12.00
# Visual Studio Version 17
VisualStudioVersion = 17.1.31903.286
MinimumVisualStudioVersion = 10.0.40219.1
Project("{9A19103F-16F7-4668-BE54-9A1E7A4F7556}") = "DeserializeMoreCases", "DeserializeMoreCases.csproj", "{20DD5B0B-796E-4042-8DEC-942710D61856}"
EndProject
Global
	GlobalSection(SolutionConfigurationPlatforms) = preSolution
		Debug|Any CPU = Debug|Any CPU
		Release|Any CPU = Release|Any CPU
	EndGlobalSection
	GlobalSection(ProjectConfigurationPlatforms) = postSolution
		{20DD5B0B-796E-4042-8DEC-942710D61856}.Debug|Any CPU.ActiveCfg = Debug|Any CPU
		{20DD5B0B-796E-4042-8DEC-942710D61856}.Debug|Any CPU.Build.0 = Debug|Any CPU
		{20DD5B0B-796E-4042-8DEC-942710D61856}.Release|Any CPU.ActiveCfg = Release|Any CPU
		{20DD5B0B-796E-4042-8DEC-942710D61856}.Release|Any CPU.Build.0 = Release|Any CPU
	EndGlobalSection
	GlobalSection(SolutionProperties) = preSolution
		HideSolutionNode = FALSE
	EndGlobalSection
	GlobalSection(ExtensibilityGlobals) = postSolution
		SolutionGuid = {FBB2C248-A3EF-4263-9F87-BBE36FCCD529}
	EndGlobalSection
EndGlobal
